
Microsoft Visual Studio Solution File, Format Version 12.00
# Visual Studio Version 17
VisualStudioVersion = 17.3.32929.385
MinimumVisualStudioVersion = 10.0.40219.1
Project("{FAE04EC0-301F-11D3-BF4B-00C04F79EFBC}") = "ConstructorMethodLearning", "ConstructorMethodLearning\ConstructorMethodLearning.csproj", "{92786A19-1C0E-4DE2-8E6F-5A341C9B9EDB}"
EndProject
Global
	GlobalSection(SolutionConfigurationPlatforms) = preSolution
		Debug|Any CPU = Debug|Any CPU
		Release|Any CPU = Release|Any CPU
	EndGlobalSection
	GlobalSection(ProjectConfigurationPlatforms) = postSolution
		{92786A19-1C0E-4DE2-8E6F-5A341C9B9EDB}.Debug|Any CPU.ActiveCfg = Debug|Any CPU
		{92786A19-1C0E-4DE2-8E6F-5A341C9B9EDB}.Debug|Any CPU.Build.0 = Debug|Any CPU
		{92786A19-1C0E-4DE2-8E6F-5A341C9B9EDB}.Release|Any CPU.ActiveCfg = Release|Any CPU
		{92786A19-1C0E-4DE2-8E6F-5A341C9B9EDB}.Release|Any CPU.Build.0 = Release|Any CPU
	EndGlobalSection
	GlobalSection(SolutionProperties) = preSolution
		HideSolutionNode = FALSE
	EndGlobalSection
	GlobalSection(ExtensibilityGlobals) = postSolution
		SolutionGuid = {3000A14E-8DA5-4027-AFDE-27EF643C111E}
	EndGlobalSection
EndGlobal
